
Microsoft Visual Studio Solution File, Format Version 12.00
# Visual Studio Version 16
VisualStudioVersion = 16.0.31313.79
MinimumVisualStudioVersion = 10.0.40219.1
Project("{FAE04EC0-301F-11D3-BF4B-00C04F79EFBC}") = "PeerToPeerChat", "PeerToPeerChat\PeerToPeerChat.csproj", "{519074AD-86AA-4AE9-B023-70B94ABFFBB0}"
EndProject
Global
	GlobalSection(SolutionConfigurationPlatforms) = preSolution
		Debug|Any CPU = Debug|Any CPU
		Release|Any CPU = Release|Any CPU
	EndGlobalSection
	GlobalSection(ProjectConfigurationPlatforms) = postSolution
		{519074AD-86AA-4AE9-B023-70B94ABFFBB0}.Debug|Any CPU.ActiveCfg = Debug|Any CPU
		{519074AD-86AA-4AE9-B023-70B94ABFFBB0}.Debug|Any CPU.Build.0 = Debug|Any CPU
		{519074AD-86AA-4AE9-B023-70B94ABFFBB0}.Release|Any CPU.ActiveCfg = Release|Any CPU
		{519074AD-86AA-4AE9-B023-70B94ABFFBB0}.Release|Any CPU.Build.0 = Release|Any CPU
	EndGlobalSection
	GlobalSection(SolutionProperties) = preSolution
		HideSolutionNode = FALSE
	EndGlobalSection
	GlobalSection(ExtensibilityGlobals) = postSolution
		SolutionGuid = {BE41C660-7E09-4DCA-8371-4C6C20489217}
	EndGlobalSection
EndGlobal
